
Microsoft Visual Studio Solution File, Format Version 12.00
# Visual Studio Version 17
VisualStudioVersion = 17.10.35122.118
MinimumVisualStudioVersion = 10.0.40219.1
Project("{8BC9CEB8-8B4A-11D0-8D11-00A0C91BC942}") = "Nebula", "Nebula\Nebula.vcxproj", "{0CEAB916-F7DA-4AC1-B69A-CC81C7D9CE55}"
EndProject
Project("{2150E333-8FDC-42A3-9474-1A3956D46DE8}") = "Solution Items", "Solution Items", "{D8FB8F77-E360-4331-BABB-0122EC0062BA}"
	ProjectSection(SolutionItems) = preProject
		README.txt = README.txt
	EndProjectSection
EndProject
Project("{8BC9CEB8-8B4A-11D0-8D11-00A0C91BC942}") = "Nova", "Nova\Nova.vcxproj", "{FF87676C-1D60-471C-BA7B-5D4DE934C68D}"
	ProjectSection(ProjectDependencies) = postProject
		{0CEAB916-F7DA-4AC1-B69A-CC81C7D9CE55} = {0CEAB916-F7DA-4AC1-B69A-CC81C7D9CE55}
	EndProjectSection
EndProject
Project("{8BC9CEB8-8B4A-11D0-8D11-00A0C91BC942}") = "Test", "Test\Test.vcxproj", "{E5782826-0DD5-49C4-BAEB-6F3847475097}"
	ProjectSection(ProjectDependencies) = postProject
		{0CEAB916-F7DA-4AC1-B69A-CC81C7D9CE55} = {0CEAB916-F7DA-4AC1-B69A-CC81C7D9CE55}
		{C04812D8-73EC-48F1-B203-DF67B2ADE05E} = {C04812D8-73EC-48F1-B203-DF67B2ADE05E}
		{FF87676C-1D60-471C-BA7B-5D4DE934C68D} = {FF87676C-1D60-471C-BA7B-5D4DE934C68D}
	EndProjectSection
EndProject
Project("{8BC9CEB8-8B4A-11D0-8D11-00A0C91BC942}") = "Neutron", "Neutron\Neutron.vcxproj", "{C04812D8-73EC-48F1-B203-DF67B2ADE05E}"
	ProjectSection(ProjectDependencies) = postProject
		{0CEAB916-F7DA-4AC1-B69A-CC81C7D9CE55} = {0CEAB916-F7DA-4AC1-B69A-CC81C7D9CE55}
		{FF87676C-1D60-471C-BA7B-5D4DE934C68D} = {FF87676C-1D60-471C-BA7B-5D4DE934C68D}
	EndProjectSection
EndProject
Global
	GlobalSection(SolutionConfigurationPlatforms) = preSolution
		Debug|x64 = Debug|x64
		Debug|x86 = Debug|x86
		Release|x64 = Release|x64
		Release|x86 = Release|x86
	EndGlobalSection
	GlobalSection(ProjectConfigurationPlatforms) = postSolution
		{0CEAB916-F7DA-4AC1-B69A-CC81C7D9CE55}.Debug|x64.ActiveCfg = Debug|x64
		{0CEAB916-F7DA-4AC1-B69A-CC81C7D9CE55}.Debug|x64.Build.0 = Debug|x64
		{0CEAB916-F7DA-4AC1-B69A-CC81C7D9CE55}.Debug|x86.ActiveCfg = Debug|Win32
		{0CEAB916-F7DA-4AC1-B69A-CC81C7D9CE55}.Debug|x86.Build.0 = Debug|Win32
		{0CEAB916-F7DA-4AC1-B69A-CC81C7D9CE55}.Release|x64.ActiveCfg = Release|x64
		{0CEAB916-F7DA-4AC1-B69A-CC81C7D9CE55}.Release|x64.Build.0 = Release|x64
		{0CEAB916-F7DA-4AC1-B69A-CC81C7D9CE55}.Release|x86.ActiveCfg = Release|Win32
		{0CEAB916-F7DA-4AC1-B69A-CC81C7D9CE55}.Release|x86.Build.0 = Release|Win32
		{FF87676C-1D60-471C-BA7B-5D4DE934C68D}.Debug|x64.ActiveCfg = Debug|x64
		{FF87676C-1D60-471C-BA7B-5D4DE934C68D}.Debug|x64.Build.0 = Debug|x64
		{FF87676C-1D60-471C-BA7B-5D4DE934C68D}.Debug|x86.ActiveCfg = Debug|Win32
		{FF87676C-1D60-471C-BA7B-5D4DE934C68D}.Debug|x86.Build.0 = Debug|Win32
		{FF87676C-1D60-471C-BA7B-5D4DE934C68D}.Release|x64.ActiveCfg = Release|x64
		{FF87676C-1D60-471C-BA7B-5D4DE934C68D}.Release|x64.Build.0 = Release|x64
		{FF87676C-1D60-471C-BA7B-5D4DE934C68D}.Release|x86.ActiveCfg = Release|Win32
		{FF87676C-1D60-471C-BA7B-5D4DE934C68D}.Release|x86.Build.0 = Release|Win32
		{E5782826-0DD5-49C4-BAEB-6F3847475097}.Debug|x64.ActiveCfg = Debug|x64
		{E5782826-0DD5-49C4-BAEB-6F3847475097}.Debug|x64.Build.0 = Debug|x64
		{E5782826-0DD5-49C4-BAEB-6F3847475097}.Debug|x86.ActiveCfg = Debug|Win32
		{E5782826-0DD5-49C4-BAEB-6F3847475097}.Debug|x86.Build.0 = Debug|Win32
		{E5782826-0DD5-49C4-BAEB-6F3847475097}.Release|x64.ActiveCfg = Release|x64
		{E5782826-0DD5-49C4-BAEB-6F3847475097}.Release|x64.Build.0 = Release|x64
		{E5782826-0DD5-49C4-BAEB-6F3847475097}.Release|x86.ActiveCfg = Release|Win32
		{E5782826-0DD5-49C4-BAEB-6F3847475097}.Release|x86.Build.0 = Release|Win32
		{C04812D8-73EC-48F1-B203-DF67B2ADE05E}.Debug|x64.ActiveCfg = Debug|x64
		{C04812D8-73EC-48F1-B203-DF67B2ADE05E}.Debug|x64.Build.0 = Debug|x64
		{C04812D8-73EC-48F1-B203-DF67B2ADE05E}.Debug|x86.ActiveCfg = Debug|Win32
		{C04812D8-73EC-48F1-B203-DF67B2ADE05E}.Debug|x86.Build.0 = Debug|Win32
		{C04812D8-73EC-48F1-B203-DF67B2ADE05E}.Release|x64.ActiveCfg = Release|x64
		{C04812D8-73EC-48F1-B203-DF67B2ADE05E}.Release|x64.Build.0 = Release|x64
		{C04812D8-73EC-48F1-B203-DF67B2ADE05E}.Release|x86.ActiveCfg = Release|Win32
		{C04812D8-73EC-48F1-B203-DF67B2ADE05E}.Release|x86.Build.0 = Release|Win32
	EndGlobalSection
	GlobalSection(SolutionProperties) = preSolution
		HideSolutionNode = FALSE
	EndGlobalSection
	GlobalSection(ExtensibilityGlobals) = postSolution
		SolutionGuid = {FCC5204B-C823-482D-A3F5-5BCEED4FA8BB}
	EndGlobalSection
EndGlobal
