<?xml version="1.0" encoding="utf-8"?>
<Project ToolsVersion="4.0" xmlns="http://schemas.microsoft.com/developer/msbuild/2003">
  <ItemGroup>
    <Filter Include="Source Files">
      <UniqueIdentifier>{4FC737F1-C7A5-4376-A066-2A32D752A2FF}</UniqueIdentifier>
      <Extensions>cpp;c;cc;cxx;c++;cppm;ixx;def;odl;idl;hpj;bat;asm;asmx</Extensions>
    </Filter>
    <Filter Include="Header Files">
      <UniqueIdentifier>{93995380-89BD-4b04-88EB-625FBE52EBFB}</UniqueIdentifier>
      <Extensions>h;hh;hpp;hxx;h++;hm;inl;inc;ipp;xsd</Extensions>
    </Filter>
    <Filter Include="Resource Files">
      <UniqueIdentifier>{67DA6AB6-F800-4c08-8B7A-83BB121AAD01}</UniqueIdentifier>
      <Extensions>rc;ico;cur;bmp;dlg;rc2;rct;bin;rgs;gif;jpg;jpeg;jpe;resx;tiff;tif;png;wav;mfcribbon-ms</Extensions>
    </Filter>
  </ItemGroup>
  <ItemGroup>
    <ClCompile Include="source\NebulaString.cpp">
      <Filter>Source Files</Filter>
    </ClCompile>
    <ClCompile Include="source\ToType.cpp">
      <Filter>Source Files</Filter>
    </ClCompile>
    <ClCompile Include="source\Nebula.cpp">
      <Filter>Source Files</Filter>
    </ClCompile>
    <ClCompile Include="source\Result.cpp">
      <Filter>Source Files</Filter>
    </ClCompile>
    <ClCompile Include="source\ToString.cpp">
      <Filter>Source Files</Filter>
    </ClCompile>
    <ClCompile Include="source\UiApplication.cpp">
      <Filter>Source Files</Filter>
    </ClCompile>
    <ClCompile Include="source\UiOption.cpp">
      <Filter>Source Files</Filter>
    </ClCompile>
    <ClCompile Include="source\UiMenu.cpp">
      <Filter>Source Files</Filter>
    </ClCompile>
    <ClCompile Include="source\TestHandler.cpp">
      <Filter>Source Files</Filter>
    </ClCompile>
    <ClCompile Include="source\UiIo.cpp">
      <Filter>Source Files</Filter>
    </ClCompile>
    <ClCompile Include="source\ITestProgram.cpp">
      <Filter>Source Files</Filter>
    </ClCompile>
    <ClCompile Include="source\File.cpp">
      <Filter>Source Files</Filter>
    </ClCompile>
    <ClCompile Include="source\Exception.cpp">
      <Filter>Source Files</Filter>
    </ClCompile>
  </ItemGroup>
  <ItemGroup>
    <ClInclude Include="include\Stable.h">
      <Filter>Header Files</Filter>
    </ClInclude>
    <ClInclude Include="include\NebulaString.h">
      <Filter>Header Files</Filter>
    </ClInclude>
    <ClInclude Include="include\NebulaTypes.h">
      <Filter>Header Files</Filter>
    </ClInclude>
    <ClInclude Include="include\ToType.h">
      <Filter>Header Files</Filter>
    </ClInclude>
    <ClInclude Include="include\Format.h">
      <Filter>Header Files</Filter>
    </ClInclude>
    <ClInclude Include="include\Maths.h">
      <Filter>Header Files</Filter>
    </ClInclude>
    <ClInclude Include="include\Nebula.h">
      <Filter>Header Files</Filter>
    </ClInclude>
    <ClInclude Include="include\Result.h">
      <Filter>Header Files</Filter>
    </ClInclude>
    <ClInclude Include="include\ToString.h">
      <Filter>Header Files</Filter>
    </ClInclude>
    <ClInclude Include="include\UiApplication.h">
      <Filter>Header Files</Filter>
    </ClInclude>
    <ClInclude Include="include\UiMenu.h">
      <Filter>Header Files</Filter>
    </ClInclude>
    <ClInclude Include="include\UiOption.h">
      <Filter>Header Files</Filter>
    </ClInclude>
    <ClInclude Include="include\TextArt.h">
      <Filter>Header Files</Filter>
    </ClInclude>
    <ClInclude Include="include\UiIo.h">
      <Filter>Header Files</Filter>
    </ClInclude>
    <ClInclude Include="include\IOption.h">
      <Filter>Header Files</Filter>
    </ClInclude>
    <ClInclude Include="include\TestHandler.h">
      <Filter>Header Files</Filter>
    </ClInclude>
    <ClInclude Include="include\GetTypenameHelper.h">
      <Filter>Header Files</Filter>
    </ClInclude>
    <ClInclude Include="include\IUnitTest.h">
      <Filter>Header Files</Filter>
    </ClInclude>
    <ClInclude Include="include\ITestProgram.h">
      <Filter>Header Files</Filter>
    </ClInclude>
    <ClInclude Include="include\File.h">
      <Filter>Header Files</Filter>
    </ClInclude>
    <ClInclude Include="include\Bitset.h">
      <Filter>Header Files</Filter>
    </ClInclude>
    <ClInclude Include="include\Metadata.h">
      <Filter>Header Files</Filter>
    </ClInclude>
    <ClInclude Include="include\Macros.h">
      <Filter>Header Files</Filter>
    </ClInclude>
    <ClInclude Include="include\Exception.h">
      <Filter>Header Files</Filter>
    </ClInclude>
    <ClInclude Include="include\UnitTest.h">
      <Filter>Header Files</Filter>
    </ClInclude>
  </ItemGroup>
</Project>